
Microsoft Visual Studio Solution File, Format Version 12.00
# Visual Studio 15
VisualStudioVersion = 15.0.26430.16
MinimumVisualStudioVersion = 10.0.40219.1
Project("{2150E333-8FDC-42A3-9474-1A3956D46DE8}") = "build", "build", "{87D6A811-9D1B-460C-B76D-06DBA307136D}"
	ProjectSection(SolutionItems) = preProject
		..\build\build.cmd = ..\build\build.cmd
	EndProjectSection
EndProject
Project("{2150E333-8FDC-42A3-9474-1A3956D46DE8}") = "description", "description", "{561F7C57-4031-40D9-937C-ADA64A99E004}"
	ProjectSection(SolutionItems) = preProject
		..\ChangeLog.md = ..\ChangeLog.md
		..\LICENSE = ..\LICENSE
		..\README.md = ..\README.md
	EndProjectSection
EndProject
Project("{FAE04EC0-301F-11D3-BF4B-00C04F79EFBC}") = "Hangfire.Mongo", "Hangfire.Mongo\Hangfire.Mongo.csproj", "{FE0E1801-6CF8-443A-B244-CD49F7A7E722}"
EndProject
Project("{2150E333-8FDC-42A3-9474-1A3956D46DE8}") = "samples", "samples", "{07E617A3-7D61-4AE2-A1A4-F18686F03D46}"
EndProject
Project("{2150E333-8FDC-42A3-9474-1A3956D46DE8}") = "tests", "tests", "{8BCEB541-B04C-4CAA-AB5D-EEC2AD62D672}"
EndProject
Project("{FAE04EC0-301F-11D3-BF4B-00C04F79EFBC}") = "Hangfire.Mongo.Tests", "Hangfire.Mongo.Tests\Hangfire.Mongo.Tests.csproj", "{237F15A4-26DB-4FBD-86AF-81E87AD5762A}"
EndProject
Project("{FAE04EC0-301F-11D3-BF4B-00C04F79EFBC}") = "Hangfire.Mongo.Sample", "Hangfire.Mongo.Sample\Hangfire.Mongo.Sample.csproj", "{52CA7083-638F-4A94-A00F-A7134A09F3CA}"
EndProject
Project("{FAE04EC0-301F-11D3-BF4B-00C04F79EFBC}") = "Hangfire.Mongo.Sample.ASPNetCore", "Hangfire.Mongo.Sample.ASPNetCore\Hangfire.Mongo.Sample.ASPNetCore.csproj", "{F7ACBB70-F6B6-4F94-9386-7B589D2491FB}"
EndProject
Project("{FAE04EC0-301F-11D3-BF4B-00C04F79EFBC}") = "Hangfire.Mongo.Sample.NETCore", "Hangfire.Mongo.Sample.NETCore\Hangfire.Mongo.Sample.NETCore.csproj", "{61B05A37-064F-44A7-A767-0BEF77B8528D}"
EndProject
Global
	GlobalSection(SolutionConfigurationPlatforms) = preSolution
		Debug|Any CPU = Debug|Any CPU
		Release|Any CPU = Release|Any CPU
	EndGlobalSection
	GlobalSection(ProjectConfigurationPlatforms) = postSolution
		{FE0E1801-6CF8-443A-B244-CD49F7A7E722}.Debug|Any CPU.ActiveCfg = Debug|Any CPU
		{FE0E1801-6CF8-443A-B244-CD49F7A7E722}.Debug|Any CPU.Build.0 = Debug|Any CPU
		{FE0E1801-6CF8-443A-B244-CD49F7A7E722}.Release|Any CPU.ActiveCfg = Release|Any CPU
		{FE0E1801-6CF8-443A-B244-CD49F7A7E722}.Release|Any CPU.Build.0 = Release|Any CPU
		{237F15A4-26DB-4FBD-86AF-81E87AD5762A}.Debug|Any CPU.ActiveCfg = Debug|Any CPU
		{237F15A4-26DB-4FBD-86AF-81E87AD5762A}.Debug|Any CPU.Build.0 = Debug|Any CPU
		{237F15A4-26DB-4FBD-86AF-81E87AD5762A}.Release|Any CPU.ActiveCfg = Release|Any CPU
		{237F15A4-26DB-4FBD-86AF-81E87AD5762A}.Release|Any CPU.Build.0 = Release|Any CPU
		{52CA7083-638F-4A94-A00F-A7134A09F3CA}.Debug|Any CPU.ActiveCfg = Debug|Any CPU
		{52CA7083-638F-4A94-A00F-A7134A09F3CA}.Debug|Any CPU.Build.0 = Debug|Any CPU
		{52CA7083-638F-4A94-A00F-A7134A09F3CA}.Release|Any CPU.ActiveCfg = Release|Any CPU
		{52CA7083-638F-4A94-A00F-A7134A09F3CA}.Release|Any CPU.Build.0 = Release|Any CPU
		{F7ACBB70-F6B6-4F94-9386-7B589D2491FB}.Debug|Any CPU.ActiveCfg = Debug|Any CPU
		{F7ACBB70-F6B6-4F94-9386-7B589D2491FB}.Debug|Any CPU.Build.0 = Debug|Any CPU
		{F7ACBB70-F6B6-4F94-9386-7B589D2491FB}.Release|Any CPU.ActiveCfg = Release|Any CPU
		{F7ACBB70-F6B6-4F94-9386-7B589D2491FB}.Release|Any CPU.Build.0 = Release|Any CPU
		{61B05A37-064F-44A7-A767-0BEF77B8528D}.Debug|Any CPU.ActiveCfg = Debug|Any CPU
		{61B05A37-064F-44A7-A767-0BEF77B8528D}.Debug|Any CPU.Build.0 = Debug|Any CPU
		{61B05A37-064F-44A7-A767-0BEF77B8528D}.Release|Any CPU.ActiveCfg = Release|Any CPU
		{61B05A37-064F-44A7-A767-0BEF77B8528D}.Release|Any CPU.Build.0 = Release|Any CPU
	EndGlobalSection
	GlobalSection(SolutionProperties) = preSolution
		HideSolutionNode = FALSE
	EndGlobalSection
	GlobalSection(NestedProjects) = preSolution
		{237F15A4-26DB-4FBD-86AF-81E87AD5762A} = {8BCEB541-B04C-4CAA-AB5D-EEC2AD62D672}
		{52CA7083-638F-4A94-A00F-A7134A09F3CA} = {07E617A3-7D61-4AE2-A1A4-F18686F03D46}
		{F7ACBB70-F6B6-4F94-9386-7B589D2491FB} = {07E617A3-7D61-4AE2-A1A4-F18686F03D46}
		{61B05A37-064F-44A7-A767-0BEF77B8528D} = {07E617A3-7D61-4AE2-A1A4-F18686F03D46}
	EndGlobalSection
EndGlobal
